
Microsoft Visual Studio Solution File, Format Version 12.00
# Visual Studio Version 17
VisualStudioVersion = 17.4.33205.214
MinimumVisualStudioVersion = 10.0.40219.1
Project("{888888A0-9F3D-457C-B088-3A5042F75D52}") = "KamNozBum", "KamNozBum.pyproj", "{1E9229F3-5598-4242-BB37-8555331FC22D}"
EndProject
Global
	GlobalSection(SolutionConfigurationPlatforms) = preSolution
		Debug|Any CPU = Debug|Any CPU
		Release|Any CPU = Release|Any CPU
	EndGlobalSection
	GlobalSection(ProjectConfigurationPlatforms) = postSolution
		{1E9229F3-5598-4242-BB37-8555331FC22D}.Debug|Any CPU.ActiveCfg = Debug|Any CPU
		{1E9229F3-5598-4242-BB37-8555331FC22D}.Release|Any CPU.ActiveCfg = Release|Any CPU
	EndGlobalSection
	GlobalSection(SolutionProperties) = preSolution
		HideSolutionNode = FALSE
	EndGlobalSection
	GlobalSection(ExtensibilityGlobals) = postSolution
		SolutionGuid = {4EA9C527-FF2C-4C4E-8515-7316127909BE}
	EndGlobalSection
EndGlobal
